{
  "object": {
    "pins": [
      {
        "package": "SwifterSwift",
        "repositoryURL": "https://github.com/SwifterSwift/SwifterSwift.git",
        "state": {
          "branch": "master",
          "revision": "1a0d31d085da07e8b045fb8a30c255bbf008440b",
          "version": null
        }
      }
    ]
  },
  "version": 1
}
