{
  "object": {
    "pins": [
      {
        "package": "SwifterSwift",
        "repositoryURL": "https://github.com/SwifterSwift/SwifterSwift.git",
        "state": {
          "branch": "master",
          "revision": "9390428132cf6e9b07dfd48a253fc329202ad95f",
          "version": null
        }
      }
    ]
  },
  "version": 1
}
