// !$*UTF8*$!
{
	archiveVersion = 1;
	classes = {
	};
	objectVersion = 52;
	objects = {

/* Begin PBXBuildFile section */
		A67735F997F767797C8799C1 /* Pods_Furqan_Agwan.framework in Frameworks */ = {isa = PBXBuildFile; fileRef = 710D1FCFB3DD918D138A55C9 /* Pods_Furqan_Agwan.framework */; };
		C301F5E0231D7305009B6A25 /* EducationView.swift in Sources */ = {isa = PBXBuildFile; fileRef = C301F5DF231D7305009B6A25 /* EducationView.swift */; };
		C3094EA7237C9C1400A6DEEC /* UIWebView.swift in Sources */ = {isa = PBXBuildFile; fileRef = C3094EA6237C9C1400A6DEEC /* UIWebView.swift */; };
		C31AFD542327BD70008A4999 /* SwifterSwift in Frameworks */ = {isa = PBXBuildFile; productRef = C31AFD532327BD70008A4999 /* SwifterSwift */; };
		C321E2D1231D5C9F003097FE /* AppDelegate.swift in Sources */ = {isa = PBXBuildFile; fileRef = C321E2D0231D5C9F003097FE /* AppDelegate.swift */; };
		C321E2D3231D5C9F003097FE /* SceneDelegate.swift in Sources */ = {isa = PBXBuildFile; fileRef = C321E2D2231D5C9F003097FE /* SceneDelegate.swift */; };
		C321E2D5231D5C9F003097FE /* MainView.swift in Sources */ = {isa = PBXBuildFile; fileRef = C321E2D4231D5C9F003097FE /* MainView.swift */; };
		C321E2D7231D5CA1003097FE /* Assets.xcassets in Resources */ = {isa = PBXBuildFile; fileRef = C321E2D6231D5CA1003097FE /* Assets.xcassets */; };
		C321E2DA231D5CA1003097FE /* Preview Assets.xcassets in Resources */ = {isa = PBXBuildFile; fileRef = C321E2D9231D5CA1003097FE /* Preview Assets.xcassets */; };
		C321E2DD231D5CA1003097FE /* LaunchScreen.storyboard in Resources */ = {isa = PBXBuildFile; fileRef = C321E2DB231D5CA1003097FE /* LaunchScreen.storyboard */; };
		C330804B23212B5800119871 /* Data.swift in Sources */ = {isa = PBXBuildFile; fileRef = C330804A23212B5800119871 /* Data.swift */; };
		C3318F66239C07AA00F21F6C /* Colors.swift in Sources */ = {isa = PBXBuildFile; fileRef = C3318F65239C07AA00F21F6C /* Colors.swift */; };
		C34F6DB5231E78D400478CD6 /* AboutView.swift in Sources */ = {isa = PBXBuildFile; fileRef = C34F6DB4231E78D400478CD6 /* AboutView.swift */; };
		C34F6DB7231E7A3F00478CD6 /* EmploymentView.swift in Sources */ = {isa = PBXBuildFile; fileRef = C34F6DB6231E7A3F00478CD6 /* EmploymentView.swift */; };
		C37EB59A239D2B4400FCCAD0 /* Card.swift in Sources */ = {isa = PBXBuildFile; fileRef = C37EB599239D2B4400FCCAD0 /* Card.swift */; };
		C37EB59F239D6C3800FCCAD0 /* Image.swift in Sources */ = {isa = PBXBuildFile; fileRef = C37EB59E239D6C3800FCCAD0 /* Image.swift */; };
		C37EB5A6239E952D00FCCAD0 /* CircleImage.swift in Sources */ = {isa = PBXBuildFile; fileRef = C37EB5A5239E952D00FCCAD0 /* CircleImage.swift */; };
		C37EB5A9239E970D00FCCAD0 /* TabBar.swift in Sources */ = {isa = PBXBuildFile; fileRef = C37EB5A8239E970D00FCCAD0 /* TabBar.swift */; };
		C37EB5AC239E976C00FCCAD0 /* InformationView.swift in Sources */ = {isa = PBXBuildFile; fileRef = C37EB5AB239E976C00FCCAD0 /* InformationView.swift */; };
		C38B057A23E1D1E100CEE1D9 /* TableViewCell.swift in Sources */ = {isa = PBXBuildFile; fileRef = C38B057923E1D1E100CEE1D9 /* TableViewCell.swift */; };
		C38B057D23E1D22400CEE1D9 /* ButtonView.swift in Sources */ = {isa = PBXBuildFile; fileRef = C38B057C23E1D22400CEE1D9 /* ButtonView.swift */; };
		C3AABEE9237AE6730058D61C /* Icons.swift in Sources */ = {isa = PBXBuildFile; fileRef = C3AABEE8237AE6730058D61C /* Icons.swift */; };
		C3E9E33E23E30BB300BA73EF /* Date.swift in Sources */ = {isa = PBXBuildFile; fileRef = C3E9E33D23E30BB300BA73EF /* Date.swift */; };
		C3E9E34023E30BF700BA73EF /* View.swift in Sources */ = {isa = PBXBuildFile; fileRef = C3E9E33F23E30BF700BA73EF /* View.swift */; };
		C3E9E34323E30C5200BA73EF /* Rounded Corner.swift in Sources */ = {isa = PBXBuildFile; fileRef = C3E9E34223E30C5200BA73EF /* Rounded Corner.swift */; };
		C3F129E62379E8F20039561D /* URL.swift in Sources */ = {isa = PBXBuildFile; fileRef = C3F129E52379E8F20039561D /* URL.swift */; };
/* End PBXBuildFile section */

/* Begin PBXFileReference section */
		710D1FCFB3DD918D138A55C9 /* Pods_Furqan_Agwan.framework */ = {isa = PBXFileReference; explicitFileType = wrapper.framework; includeInIndex = 0; path = Pods_Furqan_Agwan.framework; sourceTree = BUILT_PRODUCTS_DIR; };
		C301F5DF231D7305009B6A25 /* EducationView.swift */ = {isa = PBXFileReference; lastKnownFileType = sourcecode.swift; path = EducationView.swift; sourceTree = "<group>"; };
		C3094EA6237C9C1400A6DEEC /* UIWebView.swift */ = {isa = PBXFileReference; lastKnownFileType = sourcecode.swift; path = UIWebView.swift; sourceTree = "<group>"; };
		C321E2CD231D5C9F003097FE /* Infinite.app */ = {isa = PBXFileReference; explicitFileType = wrapper.application; includeInIndex = 0; path = Infinite.app; sourceTree = BUILT_PRODUCTS_DIR; };
		C321E2D0231D5C9F003097FE /* AppDelegate.swift */ = {isa = PBXFileReference; lastKnownFileType = sourcecode.swift; path = AppDelegate.swift; sourceTree = "<group>"; };
		C321E2D2231D5C9F003097FE /* SceneDelegate.swift */ = {isa = PBXFileReference; lastKnownFileType = sourcecode.swift; path = SceneDelegate.swift; sourceTree = "<group>"; };
		C321E2D4231D5C9F003097FE /* MainView.swift */ = {isa = PBXFileReference; lastKnownFileType = sourcecode.swift; path = MainView.swift; sourceTree = "<group>"; };
		C321E2D6231D5CA1003097FE /* Assets.xcassets */ = {isa = PBXFileReference; lastKnownFileType = folder.assetcatalog; path = Assets.xcassets; sourceTree = "<group>"; };
		C321E2D9231D5CA1003097FE /* Preview Assets.xcassets */ = {isa = PBXFileReference; lastKnownFileType = folder.assetcatalog; path = "Preview Assets.xcassets"; sourceTree = "<group>"; };
		C321E2DC231D5CA1003097FE /* Base */ = {isa = PBXFileReference; lastKnownFileType = file.storyboard; name = Base; path = Base.lproj/LaunchScreen.storyboard; sourceTree = "<group>"; };
		C321E2DE231D5CA1003097FE /* Info.plist */ = {isa = PBXFileReference; lastKnownFileType = text.plist.xml; path = Info.plist; sourceTree = "<group>"; };
		C330804A23212B5800119871 /* Data.swift */ = {isa = PBXFileReference; lastKnownFileType = sourcecode.swift; path = Data.swift; sourceTree = "<group>"; };
		C3318F65239C07AA00F21F6C /* Colors.swift */ = {isa = PBXFileReference; lastKnownFileType = sourcecode.swift; path = Colors.swift; sourceTree = "<group>"; };
		C34F6DB4231E78D400478CD6 /* AboutView.swift */ = {isa = PBXFileReference; lastKnownFileType = sourcecode.swift; path = AboutView.swift; sourceTree = "<group>"; };
		C34F6DB6231E7A3F00478CD6 /* EmploymentView.swift */ = {isa = PBXFileReference; lastKnownFileType = sourcecode.swift; path = EmploymentView.swift; sourceTree = "<group>"; };
		C37EB599239D2B4400FCCAD0 /* Card.swift */ = {isa = PBXFileReference; lastKnownFileType = sourcecode.swift; path = Card.swift; sourceTree = "<group>"; };
		C37EB59E239D6C3800FCCAD0 /* Image.swift */ = {isa = PBXFileReference; lastKnownFileType = sourcecode.swift; path = Image.swift; sourceTree = "<group>"; };
		C37EB5A3239E93E400FCCAD0 /* README.md */ = {isa = PBXFileReference; lastKnownFileType = net.daringfireball.markdown; path = README.md; sourceTree = "<group>"; };
		C37EB5A5239E952D00FCCAD0 /* CircleImage.swift */ = {isa = PBXFileReference; lastKnownFileType = sourcecode.swift; path = CircleImage.swift; sourceTree = "<group>"; };
		C37EB5A8239E970D00FCCAD0 /* TabBar.swift */ = {isa = PBXFileReference; lastKnownFileType = sourcecode.swift; path = TabBar.swift; sourceTree = "<group>"; };
		C37EB5AB239E976C00FCCAD0 /* InformationView.swift */ = {isa = PBXFileReference; lastKnownFileType = sourcecode.swift; path = InformationView.swift; sourceTree = "<group>"; };
		C38B057923E1D1E100CEE1D9 /* TableViewCell.swift */ = {isa = PBXFileReference; lastKnownFileType = sourcecode.swift; path = TableViewCell.swift; sourceTree = "<group>"; };
		C38B057C23E1D22400CEE1D9 /* ButtonView.swift */ = {isa = PBXFileReference; lastKnownFileType = sourcecode.swift; path = ButtonView.swift; sourceTree = "<group>"; };
		C3AABEE8237AE6730058D61C /* Icons.swift */ = {isa = PBXFileReference; lastKnownFileType = sourcecode.swift; path = Icons.swift; sourceTree = "<group>"; };
		C3E9E33D23E30BB300BA73EF /* Date.swift */ = {isa = PBXFileReference; lastKnownFileType = sourcecode.swift; path = Date.swift; sourceTree = "<group>"; };
		C3E9E33F23E30BF700BA73EF /* View.swift */ = {isa = PBXFileReference; lastKnownFileType = sourcecode.swift; path = View.swift; sourceTree = "<group>"; };
		C3E9E34223E30C5200BA73EF /* Rounded Corner.swift */ = {isa = PBXFileReference; lastKnownFileType = sourcecode.swift; path = "Rounded Corner.swift"; sourceTree = "<group>"; };
		C3F129E52379E8F20039561D /* URL.swift */ = {isa = PBXFileReference; lastKnownFileType = sourcecode.swift; path = URL.swift; sourceTree = "<group>"; };
		D184FCA0AAA0C62BFC2E8875 /* Pods-Furqan Agwan.debug.xcconfig */ = {isa = PBXFileReference; includeInIndex = 1; lastKnownFileType = text.xcconfig; name = "Pods-Furqan Agwan.debug.xcconfig"; path = "Target Support Files/Pods-Furqan Agwan/Pods-Furqan Agwan.debug.xcconfig"; sourceTree = "<group>"; };
		DE815BF0F060E8E4787E8ED2 /* Pods-Furqan Agwan.release.xcconfig */ = {isa = PBXFileReference; includeInIndex = 1; lastKnownFileType = text.xcconfig; name = "Pods-Furqan Agwan.release.xcconfig"; path = "Target Support Files/Pods-Furqan Agwan/Pods-Furqan Agwan.release.xcconfig"; sourceTree = "<group>"; };
/* End PBXFileReference section */

/* Begin PBXFrameworksBuildPhase section */
		C321E2CA231D5C9F003097FE /* Frameworks */ = {
			isa = PBXFrameworksBuildPhase;
			buildActionMask = 2147483647;
			files = (
				C31AFD542327BD70008A4999 /* SwifterSwift in Frameworks */,
				A67735F997F767797C8799C1 /* Pods_Furqan_Agwan.framework in Frameworks */,
			);
			runOnlyForDeploymentPostprocessing = 0;
		};
/* End PBXFrameworksBuildPhase section */

/* Begin PBXGroup section */
		307E2C6E6051D5BA4E285617 /* Frameworks */ = {
			isa = PBXGroup;
			children = (
				710D1FCFB3DD918D138A55C9 /* Pods_Furqan_Agwan.framework */,
			);
			name = Frameworks;
			sourceTree = "<group>";
		};
		C301F5DE231D72E3009B6A25 /* Sub Views */ = {
			isa = PBXGroup;
			children = (
				C301F5DF231D7305009B6A25 /* EducationView.swift */,
				C34F6DB6231E7A3F00478CD6 /* EmploymentView.swift */,
				C34F6DB4231E78D400478CD6 /* AboutView.swift */,
			);
			path = "Sub Views";
			sourceTree = "<group>";
		};
		C3094EA8237C9EC500A6DEEC /* Icon */ = {
			isa = PBXGroup;
			children = (
				C3AABEE8237AE6730058D61C /* Icons.swift */,
			);
			path = Icon;
			sourceTree = "<group>";
		};
		C3094EA9237C9EEB00A6DEEC /* UIKit */ = {
			isa = PBXGroup;
			children = (
				C3094EA6237C9C1400A6DEEC /* UIWebView.swift */,
			);
			path = UIKit;
			sourceTree = "<group>";
		};
		C3094EAA237C9F0000A6DEEC /* Main View */ = {
			isa = PBXGroup;
			children = (
				C321E2D4231D5C9F003097FE /* MainView.swift */,
			);
			path = "Main View";
			sourceTree = "<group>";
		};
		C3094EAB237C9F1500A6DEEC /* Launch View */ = {
			isa = PBXGroup;
			children = (
				C321E2DB231D5CA1003097FE /* LaunchScreen.storyboard */,
			);
			path = "Launch View";
			sourceTree = "<group>";
		};
		C3094EAC237C9F8100A6DEEC /* Delegates */ = {
			isa = PBXGroup;
			children = (
				C321E2D0231D5C9F003097FE /* AppDelegate.swift */,
				C321E2D2231D5C9F003097FE /* SceneDelegate.swift */,
			);
			path = Delegates;
			sourceTree = "<group>";
		};
		C321E2C4231D5C9F003097FE = {
			isa = PBXGroup;
			children = (
				C37EB5A3239E93E400FCCAD0 /* README.md */,
				C321E2CF231D5C9F003097FE /* Furqan Agwan */,
				C321E2CE231D5C9F003097FE /* Products */,
				DCE38E5E68FEFE9A1CF2F80A /* Pods */,
				307E2C6E6051D5BA4E285617 /* Frameworks */,
			);
			sourceTree = "<group>";
		};
		C321E2CE231D5C9F003097FE /* Products */ = {
			isa = PBXGroup;
			children = (
				C321E2CD231D5C9F003097FE /* Infinite.app */,
			);
			name = Products;
			sourceTree = "<group>";
		};
		C321E2CF231D5C9F003097FE /* Furqan Agwan */ = {
			isa = PBXGroup;
			children = (
				C321E2E8231D5CEF003097FE /* Supporting Files */,
				C321E2E7231D5CE6003097FE /* Model */,
				C321E2E5231D5CD3003097FE /* View */,
				C321E2D8231D5CA1003097FE /* Preview Content */,
			);
			path = "Furqan Agwan";
			sourceTree = "<group>";
		};
		C321E2D8231D5CA1003097FE /* Preview Content */ = {
			isa = PBXGroup;
			children = (
				C321E2D9231D5CA1003097FE /* Preview Assets.xcassets */,
			);
			path = "Preview Content";
			sourceTree = "<group>";
		};
		C321E2E5231D5CD3003097FE /* View */ = {
			isa = PBXGroup;
			children = (
				C3094EAB237C9F1500A6DEEC /* Launch View */,
				C3094EAA237C9F0000A6DEEC /* Main View */,
				C301F5DE231D72E3009B6A25 /* Sub Views */,
				C321E2E6231D5CDA003097FE /* View Components */,
			);
			path = View;
			sourceTree = "<group>";
		};
		C321E2E6231D5CDA003097FE /* View Components */ = {
			isa = PBXGroup;
			children = (
				C3E9E34123E30C4000BA73EF /* Rounded Corner */,
				C3094EA9237C9EEB00A6DEEC /* UIKit */,
				C38B057B23E1D21500CEE1D9 /* Button View */,
				C38B057823E1D1C600CEE1D9 /* List View Cell */,
				C37EB5AA239E975100FCCAD0 /* Infomation View */,
				C37EB5A7239E96E400FCCAD0 /* Tab bar */,
				C37EB5A4239E950D00FCCAD0 /* Circle Image */,
				C37EB598239D2B3200FCCAD0 /* Card */,
			);
			path = "View Components";
			sourceTree = "<group>";
		};
		C321E2E7231D5CE6003097FE /* Model */ = {
			isa = PBXGroup;
			children = (
				C330804A23212B5800119871 /* Data.swift */,
			);
			path = Model;
			sourceTree = "<group>";
		};
		C321E2E8231D5CEF003097FE /* Supporting Files */ = {
			isa = PBXGroup;
			children = (
				C3232F13239FA5DF00FDE94F /* Extensions */,
				C3094EAC237C9F8100A6DEEC /* Delegates */,
				C360979D237B56F10035A221 /* Helpers */,
				C321E2D6231D5CA1003097FE /* Assets.xcassets */,
				C321E2DE231D5CA1003097FE /* Info.plist */,
			);
			path = "Supporting Files";
			sourceTree = "<group>";
		};
		C3232F13239FA5DF00FDE94F /* Extensions */ = {
			isa = PBXGroup;
			children = (
				C3E9E33C23E30BA500BA73EF /* Date */,
				C3E9E33B23E305FB00BA73EF /* View */,
			);
			path = Extensions;
			sourceTree = "<group>";
		};
		C3318F64239C079900F21F6C /* Colors */ = {
			isa = PBXGroup;
			children = (
				C3318F65239C07AA00F21F6C /* Colors.swift */,
			);
			path = Colors;
			sourceTree = "<group>";
		};
		C360979D237B56F10035A221 /* Helpers */ = {
			isa = PBXGroup;
			children = (
				C37EB59D239D6C2C00FCCAD0 /* Images */,
				C3318F64239C079900F21F6C /* Colors */,
				C3094EA8237C9EC500A6DEEC /* Icon */,
				C3F129E42379E8DF0039561D /* Networking */,
			);
			path = Helpers;
			sourceTree = "<group>";
		};
		C37EB598239D2B3200FCCAD0 /* Card */ = {
			isa = PBXGroup;
			children = (
				C37EB599239D2B4400FCCAD0 /* Card.swift */,
			);
			path = Card;
			sourceTree = "<group>";
		};
		C37EB59D239D6C2C00FCCAD0 /* Images */ = {
			isa = PBXGroup;
			children = (
				C37EB59E239D6C3800FCCAD0 /* Image.swift */,
			);
			path = Images;
			sourceTree = "<group>";
		};
		C37EB5A4239E950D00FCCAD0 /* Circle Image */ = {
			isa = PBXGroup;
			children = (
				C37EB5A5239E952D00FCCAD0 /* CircleImage.swift */,
			);
			path = "Circle Image";
			sourceTree = "<group>";
		};
		C37EB5A7239E96E400FCCAD0 /* Tab bar */ = {
			isa = PBXGroup;
			children = (
				C37EB5A8239E970D00FCCAD0 /* TabBar.swift */,
			);
			path = "Tab bar";
			sourceTree = "<group>";
		};
		C37EB5AA239E975100FCCAD0 /* Infomation View */ = {
			isa = PBXGroup;
			children = (
				C37EB5AB239E976C00FCCAD0 /* InformationView.swift */,
			);
			path = "Infomation View";
			sourceTree = "<group>";
		};
		C38B057823E1D1C600CEE1D9 /* List View Cell */ = {
			isa = PBXGroup;
			children = (
				C38B057923E1D1E100CEE1D9 /* TableViewCell.swift */,
			);
			path = "List View Cell";
			sourceTree = "<group>";
		};
		C38B057B23E1D21500CEE1D9 /* Button View */ = {
			isa = PBXGroup;
			children = (
				C38B057C23E1D22400CEE1D9 /* ButtonView.swift */,
			);
			path = "Button View";
			sourceTree = "<group>";
		};
		C3E9E33B23E305FB00BA73EF /* View */ = {
			isa = PBXGroup;
			children = (
				C3E9E33F23E30BF700BA73EF /* View.swift */,
			);
			path = View;
			sourceTree = "<group>";
		};
		C3E9E33C23E30BA500BA73EF /* Date */ = {
			isa = PBXGroup;
			children = (
				C3E9E33D23E30BB300BA73EF /* Date.swift */,
			);
			path = Date;
			sourceTree = "<group>";
		};
		C3E9E34123E30C4000BA73EF /* Rounded Corner */ = {
			isa = PBXGroup;
			children = (
				C3E9E34223E30C5200BA73EF /* Rounded Corner.swift */,
			);
			path = "Rounded Corner";
			sourceTree = "<group>";
		};
		C3F129E42379E8DF0039561D /* Networking */ = {
			isa = PBXGroup;
			children = (
				C3F129E52379E8F20039561D /* URL.swift */,
			);
			path = Networking;
			sourceTree = "<group>";
		};
		DCE38E5E68FEFE9A1CF2F80A /* Pods */ = {
			isa = PBXGroup;
			children = (
				D184FCA0AAA0C62BFC2E8875 /* Pods-Furqan Agwan.debug.xcconfig */,
				DE815BF0F060E8E4787E8ED2 /* Pods-Furqan Agwan.release.xcconfig */,
			);
			path = Pods;
			sourceTree = "<group>";
		};
/* End PBXGroup section */

/* Begin PBXNativeTarget section */
		C321E2CC231D5C9F003097FE /* Furqan Agwan */ = {
			isa = PBXNativeTarget;
			buildConfigurationList = C321E2E1231D5CA1003097FE /* Build configuration list for PBXNativeTarget "Furqan Agwan" */;
			buildPhases = (
				F6BDC7FE00ECFA0AC64B519E /* [CP] Check Pods Manifest.lock */,
				C321E2C9231D5C9F003097FE /* Sources */,
				C321E2CA231D5C9F003097FE /* Frameworks */,
				C321E2CB231D5C9F003097FE /* Resources */,
				F8FB916376049EB271E79C4E /* [CP] Embed Pods Frameworks */,
			);
			buildRules = (
			);
			dependencies = (
			);
			name = "Furqan Agwan";
			packageProductDependencies = (
				C31AFD532327BD70008A4999 /* SwifterSwift */,
			);
			productName = "Furqan Agwan";
			productReference = C321E2CD231D5C9F003097FE /* Infinite.app */;
			productType = "com.apple.product-type.application";
		};
/* End PBXNativeTarget section */

/* Begin PBXProject section */
		C321E2C5231D5C9F003097FE /* Project object */ = {
			isa = PBXProject;
			attributes = {
				LastSwiftUpdateCheck = 1100;
				LastUpgradeCheck = 1100;
				ORGANIZATIONNAME = Furqan.Agwan;
				TargetAttributes = {
					C321E2CC231D5C9F003097FE = {
						CreatedOnToolsVersion = 11.0;
					};
				};
			};
			buildConfigurationList = C321E2C8231D5C9F003097FE /* Build configuration list for PBXProject "Furqan Agwan" */;
			compatibilityVersion = "Xcode 9.3";
			developmentRegion = en;
			hasScannedForEncodings = 0;
			knownRegions = (
				en,
				Base,
			);
			mainGroup = C321E2C4231D5C9F003097FE;
			packageReferences = (
				C31AFD522327BD70008A4999 /* XCRemoteSwiftPackageReference "SwifterSwift" */,
			);
			productRefGroup = C321E2CE231D5C9F003097FE /* Products */;
			projectDirPath = "";
			projectRoot = "";
			targets = (
				C321E2CC231D5C9F003097FE /* Furqan Agwan */,
			);
		};
/* End PBXProject section */

/* Begin PBXResourcesBuildPhase section */
		C321E2CB231D5C9F003097FE /* Resources */ = {
			isa = PBXResourcesBuildPhase;
			buildActionMask = 2147483647;
			files = (
				C321E2DD231D5CA1003097FE /* LaunchScreen.storyboard in Resources */,
				C321E2DA231D5CA1003097FE /* Preview Assets.xcassets in Resources */,
				C321E2D7231D5CA1003097FE /* Assets.xcassets in Resources */,
			);
			runOnlyForDeploymentPostprocessing = 0;
		};
/* End PBXResourcesBuildPhase section */

/* Begin PBXShellScriptBuildPhase section */
		F6BDC7FE00ECFA0AC64B519E /* [CP] Check Pods Manifest.lock */ = {
			isa = PBXShellScriptBuildPhase;
			buildActionMask = 2147483647;
			files = (
			);
			inputFileListPaths = (
			);
			inputPaths = (
				"${PODS_PODFILE_DIR_PATH}/Podfile.lock",
				"${PODS_ROOT}/Manifest.lock",
			);
			name = "[CP] Check Pods Manifest.lock";
			outputFileListPaths = (
			);
			outputPaths = (
				"$(DERIVED_FILE_DIR)/Pods-Furqan Agwan-checkManifestLockResult.txt",
			);
			runOnlyForDeploymentPostprocessing = 0;
			shellPath = /bin/sh;
			shellScript = "diff \"${PODS_PODFILE_DIR_PATH}/Podfile.lock\" \"${PODS_ROOT}/Manifest.lock\" > /dev/null\nif [ $? != 0 ] ; then\n    # print error to STDERR\n    echo \"error: The sandbox is not in sync with the Podfile.lock. Run 'pod install' or update your CocoaPods installation.\" >&2\n    exit 1\nfi\n# This output is used by Xcode 'outputs' to avoid re-running this script phase.\necho \"SUCCESS\" > \"${SCRIPT_OUTPUT_FILE_0}\"\n";
			showEnvVarsInLog = 0;
		};
		F8FB916376049EB271E79C4E /* [CP] Embed Pods Frameworks */ = {
			isa = PBXShellScriptBuildPhase;
			buildActionMask = 2147483647;
			files = (
			);
			inputFileListPaths = (
				"${PODS_ROOT}/Target Support Files/Pods-Furqan Agwan/Pods-Furqan Agwan-frameworks-${CONFIGURATION}-input-files.xcfilelist",
			);
			name = "[CP] Embed Pods Frameworks";
			outputFileListPaths = (
				"${PODS_ROOT}/Target Support Files/Pods-Furqan Agwan/Pods-Furqan Agwan-frameworks-${CONFIGURATION}-output-files.xcfilelist",
			);
			runOnlyForDeploymentPostprocessing = 0;
			shellPath = /bin/sh;
			shellScript = "\"${PODS_ROOT}/Target Support Files/Pods-Furqan Agwan/Pods-Furqan Agwan-frameworks.sh\"\n";
			showEnvVarsInLog = 0;
		};
/* End PBXShellScriptBuildPhase section */

/* Begin PBXSourcesBuildPhase section */
		C321E2C9231D5C9F003097FE /* Sources */ = {
			isa = PBXSourcesBuildPhase;
			buildActionMask = 2147483647;
			files = (
				C321E2D1231D5C9F003097FE /* AppDelegate.swift in Sources */,
				C301F5E0231D7305009B6A25 /* EducationView.swift in Sources */,
				C3F129E62379E8F20039561D /* URL.swift in Sources */,
				C3094EA7237C9C1400A6DEEC /* UIWebView.swift in Sources */,
				C3E9E34023E30BF700BA73EF /* View.swift in Sources */,
				C38B057D23E1D22400CEE1D9 /* ButtonView.swift in Sources */,
				C321E2D3231D5C9F003097FE /* SceneDelegate.swift in Sources */,
				C330804B23212B5800119871 /* Data.swift in Sources */,
				C3318F66239C07AA00F21F6C /* Colors.swift in Sources */,
				C37EB5A9239E970D00FCCAD0 /* TabBar.swift in Sources */,
				C3E9E34323E30C5200BA73EF /* Rounded Corner.swift in Sources */,
				C37EB59F239D6C3800FCCAD0 /* Image.swift in Sources */,
				C38B057A23E1D1E100CEE1D9 /* TableViewCell.swift in Sources */,
				C37EB59A239D2B4400FCCAD0 /* Card.swift in Sources */,
				C321E2D5231D5C9F003097FE /* MainView.swift in Sources */,
				C34F6DB7231E7A3F00478CD6 /* EmploymentView.swift in Sources */,
				C3E9E33E23E30BB300BA73EF /* Date.swift in Sources */,
				C37EB5A6239E952D00FCCAD0 /* CircleImage.swift in Sources */,
				C3AABEE9237AE6730058D61C /* Icons.swift in Sources */,
				C37EB5AC239E976C00FCCAD0 /* InformationView.swift in Sources */,
				C34F6DB5231E78D400478CD6 /* AboutView.swift in Sources */,
			);
			runOnlyForDeploymentPostprocessing = 0;
		};
/* End PBXSourcesBuildPhase section */

/* Begin PBXVariantGroup section */
		C321E2DB231D5CA1003097FE /* LaunchScreen.storyboard */ = {
			isa = PBXVariantGroup;
			children = (
				C321E2DC231D5CA1003097FE /* Base */,
			);
			name = LaunchScreen.storyboard;
			sourceTree = "<group>";
		};
/* End PBXVariantGroup section */

/* Begin XCBuildConfiguration section */
		C321E2DF231D5CA1003097FE /* Debug */ = {
			isa = XCBuildConfiguration;
			buildSettings = {
				ALWAYS_SEARCH_USER_PATHS = NO;
				CLANG_ANALYZER_NONNULL = YES;
				CLANG_ANALYZER_NUMBER_OBJECT_CONVERSION = YES_AGGRESSIVE;
				CLANG_CXX_LANGUAGE_STANDARD = "gnu++14";
				CLANG_CXX_LIBRARY = "libc++";
				CLANG_ENABLE_MODULES = YES;
				CLANG_ENABLE_OBJC_ARC = YES;
				CLANG_ENABLE_OBJC_WEAK = YES;
				CLANG_WARN_BLOCK_CAPTURE_AUTORELEASING = YES;
				CLANG_WARN_BOOL_CONVERSION = YES;
				CLANG_WARN_COMMA = YES;
				CLANG_WARN_CONSTANT_CONVERSION = YES;
				CLANG_WARN_DEPRECATED_OBJC_IMPLEMENTATIONS = YES;
				CLANG_WARN_DIRECT_OBJC_ISA_USAGE = YES_ERROR;
				CLANG_WARN_DOCUMENTATION_COMMENTS = YES;
				CLANG_WARN_EMPTY_BODY = YES;
				CLANG_WARN_ENUM_CONVERSION = YES;
				CLANG_WARN_INFINITE_RECURSION = YES;
				CLANG_WARN_INT_CONVERSION = YES;
				CLANG_WARN_NON_LITERAL_NULL_CONVERSION = YES;
				CLANG_WARN_OBJC_IMPLICIT_RETAIN_SELF = YES;
				CLANG_WARN_OBJC_LITERAL_CONVERSION = YES;
				CLANG_WARN_OBJC_ROOT_CLASS = YES_ERROR;
				CLANG_WARN_RANGE_LOOP_ANALYSIS = YES;
				CLANG_WARN_STRICT_PROTOTYPES = YES;
				CLANG_WARN_SUSPICIOUS_MOVE = YES;
				CLANG_WARN_UNGUARDED_AVAILABILITY = YES_AGGRESSIVE;
				CLANG_WARN_UNREACHABLE_CODE = YES;
				CLANG_WARN__DUPLICATE_METHOD_MATCH = YES;
				COPY_PHASE_STRIP = NO;
				DEBUG_INFORMATION_FORMAT = dwarf;
				ENABLE_STRICT_OBJC_MSGSEND = YES;
				ENABLE_TESTABILITY = YES;
				GCC_C_LANGUAGE_STANDARD = gnu11;
				GCC_DYNAMIC_NO_PIC = NO;
				GCC_NO_COMMON_BLOCKS = YES;
				GCC_OPTIMIZATION_LEVEL = 0;
				GCC_PREPROCESSOR_DEFINITIONS = (
					"DEBUG=1",
					"$(inherited)",
				);
				GCC_WARN_64_TO_32_BIT_CONVERSION = YES;
				GCC_WARN_ABOUT_RETURN_TYPE = YES_ERROR;
				GCC_WARN_UNDECLARED_SELECTOR = YES;
				GCC_WARN_UNINITIALIZED_AUTOS = YES_AGGRESSIVE;
				GCC_WARN_UNUSED_FUNCTION = YES;
				GCC_WARN_UNUSED_VARIABLE = YES;
				IPHONEOS_DEPLOYMENT_TARGET = 13.0;
				MTL_ENABLE_DEBUG_INFO = INCLUDE_SOURCE;
				MTL_FAST_MATH = YES;
				ONLY_ACTIVE_ARCH = YES;
				SDKROOT = iphoneos;
				SWIFT_ACTIVE_COMPILATION_CONDITIONS = DEBUG;
				SWIFT_OPTIMIZATION_LEVEL = "-Onone";
			};
			name = Debug;
		};
		C321E2E0231D5CA1003097FE /* Release */ = {
			isa = XCBuildConfiguration;
			buildSettings = {
				ALWAYS_SEARCH_USER_PATHS = NO;
				CLANG_ANALYZER_NONNULL = YES;
				CLANG_ANALYZER_NUMBER_OBJECT_CONVERSION = YES_AGGRESSIVE;
				CLANG_CXX_LANGUAGE_STANDARD = "gnu++14";
				CLANG_CXX_LIBRARY = "libc++";
				CLANG_ENABLE_MODULES = YES;
				CLANG_ENABLE_OBJC_ARC = YES;
				CLANG_ENABLE_OBJC_WEAK = YES;
				CLANG_WARN_BLOCK_CAPTURE_AUTORELEASING = YES;
				CLANG_WARN_BOOL_CONVERSION = YES;
				CLANG_WARN_COMMA = YES;
				CLANG_WARN_CONSTANT_CONVERSION = YES;
				CLANG_WARN_DEPRECATED_OBJC_IMPLEMENTATIONS = YES;
				CLANG_WARN_DIRECT_OBJC_ISA_USAGE = YES_ERROR;
				CLANG_WARN_DOCUMENTATION_COMMENTS = YES;
				CLANG_WARN_EMPTY_BODY = YES;
				CLANG_WARN_ENUM_CONVERSION = YES;
				CLANG_WARN_INFINITE_RECURSION = YES;
				CLANG_WARN_INT_CONVERSION = YES;
				CLANG_WARN_NON_LITERAL_NULL_CONVERSION = YES;
				CLANG_WARN_OBJC_IMPLICIT_RETAIN_SELF = YES;
				CLANG_WARN_OBJC_LITERAL_CONVERSION = YES;
				CLANG_WARN_OBJC_ROOT_CLASS = YES_ERROR;
				CLANG_WARN_RANGE_LOOP_ANALYSIS = YES;
				CLANG_WARN_STRICT_PROTOTYPES = YES;
				CLANG_WARN_SUSPICIOUS_MOVE = YES;
				CLANG_WARN_UNGUARDED_AVAILABILITY = YES_AGGRESSIVE;
				CLANG_WARN_UNREACHABLE_CODE = YES;
				CLANG_WARN__DUPLICATE_METHOD_MATCH = YES;
				COPY_PHASE_STRIP = NO;
				DEBUG_INFORMATION_FORMAT = "dwarf-with-dsym";
				ENABLE_NS_ASSERTIONS = NO;
				ENABLE_STRICT_OBJC_MSGSEND = YES;
				GCC_C_LANGUAGE_STANDARD = gnu11;
				GCC_NO_COMMON_BLOCKS = YES;
				GCC_WARN_64_TO_32_BIT_CONVERSION = YES;
				GCC_WARN_ABOUT_RETURN_TYPE = YES_ERROR;
				GCC_WARN_UNDECLARED_SELECTOR = YES;
				GCC_WARN_UNINITIALIZED_AUTOS = YES_AGGRESSIVE;
				GCC_WARN_UNUSED_FUNCTION = YES;
				GCC_WARN_UNUSED_VARIABLE = YES;
				IPHONEOS_DEPLOYMENT_TARGET = 13.0;
				MTL_ENABLE_DEBUG_INFO = NO;
				MTL_FAST_MATH = YES;
				SDKROOT = iphoneos;
				SWIFT_COMPILATION_MODE = wholemodule;
				SWIFT_OPTIMIZATION_LEVEL = "-O";
				VALIDATE_PRODUCT = YES;
			};
			name = Release;
		};
		C321E2E2231D5CA1003097FE /* Debug */ = {
			isa = XCBuildConfiguration;
			baseConfigurationReference = D184FCA0AAA0C62BFC2E8875 /* Pods-Furqan Agwan.debug.xcconfig */;
			buildSettings = {
				ASSETCATALOG_COMPILER_APPICON_NAME = AppIcon;
				CODE_SIGN_IDENTITY = "Apple Development";
				CODE_SIGN_STYLE = Automatic;
				CURRENT_PROJECT_VERSION = 2;
				DEVELOPMENT_ASSET_PATHS = "\"Furqan Agwan/Preview Content\"";
				DEVELOPMENT_TEAM = 468QJW47GZ;
				ENABLE_PREVIEWS = YES;
				INFOPLIST_FILE = "$(SRCROOT)/Furqan Agwan/Supporting Files/Info.plist";
				LD_RUNPATH_SEARCH_PATHS = (
					"$(inherited)",
					"@executable_path/Frameworks",
				);
				MARKETING_VERSION = 1.0.0;
				PRODUCT_BUNDLE_IDENTIFIER = "Furqan-Agwan.Furqan-Agwan";
				PRODUCT_NAME = Infinite;
				PROVISIONING_PROFILE_SPECIFIER = "";
				SWIFT_VERSION = 5.0;
				TARGETED_DEVICE_FAMILY = 1;
			};
			name = Debug;
		};
		C321E2E3231D5CA1003097FE /* Release */ = {
			isa = XCBuildConfiguration;
			baseConfigurationReference = DE815BF0F060E8E4787E8ED2 /* Pods-Furqan Agwan.release.xcconfig */;
			buildSettings = {
				ASSETCATALOG_COMPILER_APPICON_NAME = AppIcon;
				CODE_SIGN_IDENTITY = "Apple Development";
				CODE_SIGN_STYLE = Automatic;
				CURRENT_PROJECT_VERSION = 2;
				DEVELOPMENT_ASSET_PATHS = "\"Furqan Agwan/Preview Content\"";
				DEVELOPMENT_TEAM = 468QJW47GZ;
				ENABLE_PREVIEWS = YES;
				INFOPLIST_FILE = "$(SRCROOT)/Furqan Agwan/Supporting Files/Info.plist";
				LD_RUNPATH_SEARCH_PATHS = (
					"$(inherited)",
					"@executable_path/Frameworks",
				);
				MARKETING_VERSION = 1.0.0;
				PRODUCT_BUNDLE_IDENTIFIER = "Furqan-Agwan.Furqan-Agwan";
				PRODUCT_NAME = Infinite;
				PROVISIONING_PROFILE_SPECIFIER = "";
				SWIFT_VERSION = 5.0;
				TARGETED_DEVICE_FAMILY = 1;
			};
			name = Release;
		};
/* End XCBuildConfiguration section */

/* Begin XCConfigurationList section */
		C321E2C8231D5C9F003097FE /* Build configuration list for PBXProject "Furqan Agwan" */ = {
			isa = XCConfigurationList;
			buildConfigurations = (
				C321E2DF231D5CA1003097FE /* Debug */,
				C321E2E0231D5CA1003097FE /* Release */,
			);
			defaultConfigurationIsVisible = 0;
			defaultConfigurationName = Release;
		};
		C321E2E1231D5CA1003097FE /* Build configuration list for PBXNativeTarget "Furqan Agwan" */ = {
			isa = XCConfigurationList;
			buildConfigurations = (
				C321E2E2231D5CA1003097FE /* Debug */,
				C321E2E3231D5CA1003097FE /* Release */,
			);
			defaultConfigurationIsVisible = 0;
			defaultConfigurationName = Release;
		};
/* End XCConfigurationList section */

/* Begin XCRemoteSwiftPackageReference section */
		C31AFD522327BD70008A4999 /* XCRemoteSwiftPackageReference "SwifterSwift" */ = {
			isa = XCRemoteSwiftPackageReference;
			repositoryURL = "https://github.com/SwifterSwift/SwifterSwift.git";
			requirement = {
				branch = master;
				kind = branch;
			};
		};
/* End XCRemoteSwiftPackageReference section */

/* Begin XCSwiftPackageProductDependency section */
		C31AFD532327BD70008A4999 /* SwifterSwift */ = {
			isa = XCSwiftPackageProductDependency;
			package = C31AFD522327BD70008A4999 /* XCRemoteSwiftPackageReference "SwifterSwift" */;
			productName = SwifterSwift;
		};
/* End XCSwiftPackageProductDependency section */
	};
	rootObject = C321E2C5231D5C9F003097FE /* Project object */;
}
