// !$*UTF8*$!
{
	archiveVersion = 1;
	classes = {
	};
	objectVersion = 52;
	objects = {

/* Begin PBXBuildFile section */
		C301F5E0231D7305009B6A25 /* EducationView.swift in Sources */ = {isa = PBXBuildFile; fileRef = C301F5DF231D7305009B6A25 /* EducationView.swift */; };
		C30FA031231FA9BE00E68F1B /* Components.swift in Sources */ = {isa = PBXBuildFile; fileRef = C30FA030231FA9BE00E68F1B /* Components.swift */; };
		C31AFD542327BD70008A4999 /* SwifterSwift in Frameworks */ = {isa = PBXBuildFile; productRef = C31AFD532327BD70008A4999 /* SwifterSwift */; };
		C321E2D1231D5C9F003097FE /* AppDelegate.swift in Sources */ = {isa = PBXBuildFile; fileRef = C321E2D0231D5C9F003097FE /* AppDelegate.swift */; };
		C321E2D3231D5C9F003097FE /* SceneDelegate.swift in Sources */ = {isa = PBXBuildFile; fileRef = C321E2D2231D5C9F003097FE /* SceneDelegate.swift */; };
		C321E2D5231D5C9F003097FE /* MainView.swift in Sources */ = {isa = PBXBuildFile; fileRef = C321E2D4231D5C9F003097FE /* MainView.swift */; };
		C321E2D7231D5CA1003097FE /* Assets.xcassets in Resources */ = {isa = PBXBuildFile; fileRef = C321E2D6231D5CA1003097FE /* Assets.xcassets */; };
		C321E2DA231D5CA1003097FE /* Preview Assets.xcassets in Resources */ = {isa = PBXBuildFile; fileRef = C321E2D9231D5CA1003097FE /* Preview Assets.xcassets */; };
		C321E2DD231D5CA1003097FE /* LaunchScreen.storyboard in Resources */ = {isa = PBXBuildFile; fileRef = C321E2DB231D5CA1003097FE /* LaunchScreen.storyboard */; };
		C330804B23212B5800119871 /* Data.swift in Sources */ = {isa = PBXBuildFile; fileRef = C330804A23212B5800119871 /* Data.swift */; };
		C34F6DB5231E78D400478CD6 /* AboutView.swift in Sources */ = {isa = PBXBuildFile; fileRef = C34F6DB4231E78D400478CD6 /* AboutView.swift */; };
		C34F6DB7231E7A3F00478CD6 /* EmploymentView.swift in Sources */ = {isa = PBXBuildFile; fileRef = C34F6DB6231E7A3F00478CD6 /* EmploymentView.swift */; };
		C3F129E62379E8F20039561D /* URL.swift in Sources */ = {isa = PBXBuildFile; fileRef = C3F129E52379E8F20039561D /* URL.swift */; };
/* End PBXBuildFile section */

/* Begin PBXFileReference section */
		C301F5DF231D7305009B6A25 /* EducationView.swift */ = {isa = PBXFileReference; lastKnownFileType = sourcecode.swift; path = EducationView.swift; sourceTree = "<group>"; };
		C30FA030231FA9BE00E68F1B /* Components.swift */ = {isa = PBXFileReference; lastKnownFileType = sourcecode.swift; path = Components.swift; sourceTree = "<group>"; };
		C321E2CD231D5C9F003097FE /* Furqan Agwan.app */ = {isa = PBXFileReference; explicitFileType = wrapper.application; includeInIndex = 0; path = "Furqan Agwan.app"; sourceTree = BUILT_PRODUCTS_DIR; };
		C321E2D0231D5C9F003097FE /* AppDelegate.swift */ = {isa = PBXFileReference; lastKnownFileType = sourcecode.swift; path = AppDelegate.swift; sourceTree = "<group>"; };
		C321E2D2231D5C9F003097FE /* SceneDelegate.swift */ = {isa = PBXFileReference; lastKnownFileType = sourcecode.swift; path = SceneDelegate.swift; sourceTree = "<group>"; };
		C321E2D4231D5C9F003097FE /* MainView.swift */ = {isa = PBXFileReference; lastKnownFileType = sourcecode.swift; path = MainView.swift; sourceTree = "<group>"; };
		C321E2D6231D5CA1003097FE /* Assets.xcassets */ = {isa = PBXFileReference; lastKnownFileType = folder.assetcatalog; path = Assets.xcassets; sourceTree = "<group>"; };
		C321E2D9231D5CA1003097FE /* Preview Assets.xcassets */ = {isa = PBXFileReference; lastKnownFileType = folder.assetcatalog; path = "Preview Assets.xcassets"; sourceTree = "<group>"; };
		C321E2DC231D5CA1003097FE /* Base */ = {isa = PBXFileReference; lastKnownFileType = file.storyboard; name = Base; path = Base.lproj/LaunchScreen.storyboard; sourceTree = "<group>"; };
		C321E2DE231D5CA1003097FE /* Info.plist */ = {isa = PBXFileReference; lastKnownFileType = text.plist.xml; path = Info.plist; sourceTree = "<group>"; };
		C330804A23212B5800119871 /* Data.swift */ = {isa = PBXFileReference; lastKnownFileType = sourcecode.swift; path = Data.swift; sourceTree = "<group>"; };
		C34F6DB4231E78D400478CD6 /* AboutView.swift */ = {isa = PBXFileReference; lastKnownFileType = sourcecode.swift; path = AboutView.swift; sourceTree = "<group>"; };
		C34F6DB6231E7A3F00478CD6 /* EmploymentView.swift */ = {isa = PBXFileReference; lastKnownFileType = sourcecode.swift; path = EmploymentView.swift; sourceTree = "<group>"; };
		C3F129E52379E8F20039561D /* URL.swift */ = {isa = PBXFileReference; lastKnownFileType = sourcecode.swift; path = URL.swift; sourceTree = "<group>"; };
/* End PBXFileReference section */

/* Begin PBXFrameworksBuildPhase section */
		C321E2CA231D5C9F003097FE /* Frameworks */ = {
			isa = PBXFrameworksBuildPhase;
			buildActionMask = 2147483647;
			files = (
				C31AFD542327BD70008A4999 /* SwifterSwift in Frameworks */,
			);
			runOnlyForDeploymentPostprocessing = 0;
		};
/* End PBXFrameworksBuildPhase section */

/* Begin PBXGroup section */
		C301F5DE231D72E3009B6A25 /* Sub Views */ = {
			isa = PBXGroup;
			children = (
				C301F5DF231D7305009B6A25 /* EducationView.swift */,
				C34F6DB6231E7A3F00478CD6 /* EmploymentView.swift */,
				C34F6DB4231E78D400478CD6 /* AboutView.swift */,
			);
			path = "Sub Views";
			sourceTree = "<group>";
		};
		C321E2C4231D5C9F003097FE = {
			isa = PBXGroup;
			children = (
				C321E2CF231D5C9F003097FE /* Furqan Agwan */,
				C321E2CE231D5C9F003097FE /* Products */,
			);
			sourceTree = "<group>";
		};
		C321E2CE231D5C9F003097FE /* Products */ = {
			isa = PBXGroup;
			children = (
				C321E2CD231D5C9F003097FE /* Furqan Agwan.app */,
			);
			name = Products;
			sourceTree = "<group>";
		};
		C321E2CF231D5C9F003097FE /* Furqan Agwan */ = {
			isa = PBXGroup;
			children = (
				C321E2E8231D5CEF003097FE /* Supporting Files */,
				C321E2E7231D5CE6003097FE /* Model */,
				C321E2E5231D5CD3003097FE /* View */,
				C321E2D8231D5CA1003097FE /* Preview Content */,
			);
			path = "Furqan Agwan";
			sourceTree = "<group>";
		};
		C321E2D8231D5CA1003097FE /* Preview Content */ = {
			isa = PBXGroup;
			children = (
				C321E2D9231D5CA1003097FE /* Preview Assets.xcassets */,
			);
			path = "Preview Content";
			sourceTree = "<group>";
		};
		C321E2E5231D5CD3003097FE /* View */ = {
			isa = PBXGroup;
			children = (
				C321E2E6231D5CDA003097FE /* View Components */,
				C301F5DE231D72E3009B6A25 /* Sub Views */,
				C321E2DB231D5CA1003097FE /* LaunchScreen.storyboard */,
				C321E2D4231D5C9F003097FE /* MainView.swift */,
			);
			path = View;
			sourceTree = "<group>";
		};
		C321E2E6231D5CDA003097FE /* View Components */ = {
			isa = PBXGroup;
			children = (
				C30FA030231FA9BE00E68F1B /* Components.swift */,
			);
			path = "View Components";
			sourceTree = "<group>";
		};
		C321E2E7231D5CE6003097FE /* Model */ = {
			isa = PBXGroup;
			children = (
				C330804A23212B5800119871 /* Data.swift */,
			);
			path = Model;
			sourceTree = "<group>";
		};
		C321E2E8231D5CEF003097FE /* Supporting Files */ = {
			isa = PBXGroup;
			children = (
				C3F129E42379E8DF0039561D /* Networking */,
				C321E2D6231D5CA1003097FE /* Assets.xcassets */,
				C321E2DE231D5CA1003097FE /* Info.plist */,
				C321E2D0231D5C9F003097FE /* AppDelegate.swift */,
				C321E2D2231D5C9F003097FE /* SceneDelegate.swift */,
			);
			path = "Supporting Files";
			sourceTree = "<group>";
		};
		C3F129E42379E8DF0039561D /* Networking */ = {
			isa = PBXGroup;
			children = (
				C3F129E52379E8F20039561D /* URL.swift */,
			);
			path = Networking;
			sourceTree = "<group>";
		};
/* End PBXGroup section */

/* Begin PBXNativeTarget section */
		C321E2CC231D5C9F003097FE /* Furqan Agwan */ = {
			isa = PBXNativeTarget;
			buildConfigurationList = C321E2E1231D5CA1003097FE /* Build configuration list for PBXNativeTarget "Furqan Agwan" */;
			buildPhases = (
				C321E2C9231D5C9F003097FE /* Sources */,
				C321E2CA231D5C9F003097FE /* Frameworks */,
				C321E2CB231D5C9F003097FE /* Resources */,
			);
			buildRules = (
			);
			dependencies = (
			);
			name = "Furqan Agwan";
			packageProductDependencies = (
				C31AFD532327BD70008A4999 /* SwifterSwift */,
			);
			productName = "Furqan Agwan";
			productReference = C321E2CD231D5C9F003097FE /* Furqan Agwan.app */;
			productType = "com.apple.product-type.application";
		};
/* End PBXNativeTarget section */

/* Begin PBXProject section */
		C321E2C5231D5C9F003097FE /* Project object */ = {
			isa = PBXProject;
			attributes = {
				LastSwiftUpdateCheck = 1100;
				LastUpgradeCheck = 1100;
				ORGANIZATIONNAME = Furqan.Agwan;
				TargetAttributes = {
					C321E2CC231D5C9F003097FE = {
						CreatedOnToolsVersion = 11.0;
					};
				};
			};
			buildConfigurationList = C321E2C8231D5C9F003097FE /* Build configuration list for PBXProject "Furqan Agwan" */;
			compatibilityVersion = "Xcode 9.3";
			developmentRegion = en;
			hasScannedForEncodings = 0;
			knownRegions = (
				en,
				Base,
			);
			mainGroup = C321E2C4231D5C9F003097FE;
			packageReferences = (
				C31AFD522327BD70008A4999 /* XCRemoteSwiftPackageReference "SwifterSwift" */,
			);
			productRefGroup = C321E2CE231D5C9F003097FE /* Products */;
			projectDirPath = "";
			projectRoot = "";
			targets = (
				C321E2CC231D5C9F003097FE /* Furqan Agwan */,
			);
		};
/* End PBXProject section */

/* Begin PBXResourcesBuildPhase section */
		C321E2CB231D5C9F003097FE /* Resources */ = {
			isa = PBXResourcesBuildPhase;
			buildActionMask = 2147483647;
			files = (
				C321E2DD231D5CA1003097FE /* LaunchScreen.storyboard in Resources */,
				C321E2DA231D5CA1003097FE /* Preview Assets.xcassets in Resources */,
				C321E2D7231D5CA1003097FE /* Assets.xcassets in Resources */,
			);
			runOnlyForDeploymentPostprocessing = 0;
		};
/* End PBXResourcesBuildPhase section */

/* Begin PBXSourcesBuildPhase section */
		C321E2C9231D5C9F003097FE /* Sources */ = {
			isa = PBXSourcesBuildPhase;
			buildActionMask = 2147483647;
			files = (
				C321E2D1231D5C9F003097FE /* AppDelegate.swift in Sources */,
				C301F5E0231D7305009B6A25 /* EducationView.swift in Sources */,
				C3F129E62379E8F20039561D /* URL.swift in Sources */,
				C321E2D3231D5C9F003097FE /* SceneDelegate.swift in Sources */,
				C30FA031231FA9BE00E68F1B /* Components.swift in Sources */,
				C330804B23212B5800119871 /* Data.swift in Sources */,
				C321E2D5231D5C9F003097FE /* MainView.swift in Sources */,
				C34F6DB7231E7A3F00478CD6 /* EmploymentView.swift in Sources */,
				C34F6DB5231E78D400478CD6 /* AboutView.swift in Sources */,
			);
			runOnlyForDeploymentPostprocessing = 0;
		};
/* End PBXSourcesBuildPhase section */

/* Begin PBXVariantGroup section */
		C321E2DB231D5CA1003097FE /* LaunchScreen.storyboard */ = {
			isa = PBXVariantGroup;
			children = (
				C321E2DC231D5CA1003097FE /* Base */,
			);
			name = LaunchScreen.storyboard;
			sourceTree = "<group>";
		};
/* End PBXVariantGroup section */

/* Begin XCBuildConfiguration section */
		C321E2DF231D5CA1003097FE /* Debug */ = {
			isa = XCBuildConfiguration;
			buildSettings = {
				ALWAYS_SEARCH_USER_PATHS = NO;
				CLANG_ANALYZER_NONNULL = YES;
				CLANG_ANALYZER_NUMBER_OBJECT_CONVERSION = YES_AGGRESSIVE;
				CLANG_CXX_LANGUAGE_STANDARD = "gnu++14";
				CLANG_CXX_LIBRARY = "libc++";
				CLANG_ENABLE_MODULES = YES;
				CLANG_ENABLE_OBJC_ARC = YES;
				CLANG_ENABLE_OBJC_WEAK = YES;
				CLANG_WARN_BLOCK_CAPTURE_AUTORELEASING = YES;
				CLANG_WARN_BOOL_CONVERSION = YES;
				CLANG_WARN_COMMA = YES;
				CLANG_WARN_CONSTANT_CONVERSION = YES;
				CLANG_WARN_DEPRECATED_OBJC_IMPLEMENTATIONS = YES;
				CLANG_WARN_DIRECT_OBJC_ISA_USAGE = YES_ERROR;
				CLANG_WARN_DOCUMENTATION_COMMENTS = YES;
				CLANG_WARN_EMPTY_BODY = YES;
				CLANG_WARN_ENUM_CONVERSION = YES;
				CLANG_WARN_INFINITE_RECURSION = YES;
				CLANG_WARN_INT_CONVERSION = YES;
				CLANG_WARN_NON_LITERAL_NULL_CONVERSION = YES;
				CLANG_WARN_OBJC_IMPLICIT_RETAIN_SELF = YES;
				CLANG_WARN_OBJC_LITERAL_CONVERSION = YES;
				CLANG_WARN_OBJC_ROOT_CLASS = YES_ERROR;
				CLANG_WARN_RANGE_LOOP_ANALYSIS = YES;
				CLANG_WARN_STRICT_PROTOTYPES = YES;
				CLANG_WARN_SUSPICIOUS_MOVE = YES;
				CLANG_WARN_UNGUARDED_AVAILABILITY = YES_AGGRESSIVE;
				CLANG_WARN_UNREACHABLE_CODE = YES;
				CLANG_WARN__DUPLICATE_METHOD_MATCH = YES;
				COPY_PHASE_STRIP = NO;
				DEBUG_INFORMATION_FORMAT = dwarf;
				ENABLE_STRICT_OBJC_MSGSEND = YES;
				ENABLE_TESTABILITY = YES;
				GCC_C_LANGUAGE_STANDARD = gnu11;
				GCC_DYNAMIC_NO_PIC = NO;
				GCC_NO_COMMON_BLOCKS = YES;
				GCC_OPTIMIZATION_LEVEL = 0;
				GCC_PREPROCESSOR_DEFINITIONS = (
					"DEBUG=1",
					"$(inherited)",
				);
				GCC_WARN_64_TO_32_BIT_CONVERSION = YES;
				GCC_WARN_ABOUT_RETURN_TYPE = YES_ERROR;
				GCC_WARN_UNDECLARED_SELECTOR = YES;
				GCC_WARN_UNINITIALIZED_AUTOS = YES_AGGRESSIVE;
				GCC_WARN_UNUSED_FUNCTION = YES;
				GCC_WARN_UNUSED_VARIABLE = YES;
				IPHONEOS_DEPLOYMENT_TARGET = 13.0;
				MTL_ENABLE_DEBUG_INFO = INCLUDE_SOURCE;
				MTL_FAST_MATH = YES;
				ONLY_ACTIVE_ARCH = YES;
				SDKROOT = iphoneos;
				SWIFT_ACTIVE_COMPILATION_CONDITIONS = DEBUG;
				SWIFT_OPTIMIZATION_LEVEL = "-Onone";
			};
			name = Debug;
		};
		C321E2E0231D5CA1003097FE /* Release */ = {
			isa = XCBuildConfiguration;
			buildSettings = {
				ALWAYS_SEARCH_USER_PATHS = NO;
				CLANG_ANALYZER_NONNULL = YES;
				CLANG_ANALYZER_NUMBER_OBJECT_CONVERSION = YES_AGGRESSIVE;
				CLANG_CXX_LANGUAGE_STANDARD = "gnu++14";
				CLANG_CXX_LIBRARY = "libc++";
				CLANG_ENABLE_MODULES = YES;
				CLANG_ENABLE_OBJC_ARC = YES;
				CLANG_ENABLE_OBJC_WEAK = YES;
				CLANG_WARN_BLOCK_CAPTURE_AUTORELEASING = YES;
				CLANG_WARN_BOOL_CONVERSION = YES;
				CLANG_WARN_COMMA = YES;
				CLANG_WARN_CONSTANT_CONVERSION = YES;
				CLANG_WARN_DEPRECATED_OBJC_IMPLEMENTATIONS = YES;
				CLANG_WARN_DIRECT_OBJC_ISA_USAGE = YES_ERROR;
				CLANG_WARN_DOCUMENTATION_COMMENTS = YES;
				CLANG_WARN_EMPTY_BODY = YES;
				CLANG_WARN_ENUM_CONVERSION = YES;
				CLANG_WARN_INFINITE_RECURSION = YES;
				CLANG_WARN_INT_CONVERSION = YES;
				CLANG_WARN_NON_LITERAL_NULL_CONVERSION = YES;
				CLANG_WARN_OBJC_IMPLICIT_RETAIN_SELF = YES;
				CLANG_WARN_OBJC_LITERAL_CONVERSION = YES;
				CLANG_WARN_OBJC_ROOT_CLASS = YES_ERROR;
				CLANG_WARN_RANGE_LOOP_ANALYSIS = YES;
				CLANG_WARN_STRICT_PROTOTYPES = YES;
				CLANG_WARN_SUSPICIOUS_MOVE = YES;
				CLANG_WARN_UNGUARDED_AVAILABILITY = YES_AGGRESSIVE;
				CLANG_WARN_UNREACHABLE_CODE = YES;
				CLANG_WARN__DUPLICATE_METHOD_MATCH = YES;
				COPY_PHASE_STRIP = NO;
				DEBUG_INFORMATION_FORMAT = "dwarf-with-dsym";
				ENABLE_NS_ASSERTIONS = NO;
				ENABLE_STRICT_OBJC_MSGSEND = YES;
				GCC_C_LANGUAGE_STANDARD = gnu11;
				GCC_NO_COMMON_BLOCKS = YES;
				GCC_WARN_64_TO_32_BIT_CONVERSION = YES;
				GCC_WARN_ABOUT_RETURN_TYPE = YES_ERROR;
				GCC_WARN_UNDECLARED_SELECTOR = YES;
				GCC_WARN_UNINITIALIZED_AUTOS = YES_AGGRESSIVE;
				GCC_WARN_UNUSED_FUNCTION = YES;
				GCC_WARN_UNUSED_VARIABLE = YES;
				IPHONEOS_DEPLOYMENT_TARGET = 13.0;
				MTL_ENABLE_DEBUG_INFO = NO;
				MTL_FAST_MATH = YES;
				SDKROOT = iphoneos;
				SWIFT_COMPILATION_MODE = wholemodule;
				SWIFT_OPTIMIZATION_LEVEL = "-O";
				VALIDATE_PRODUCT = YES;
			};
			name = Release;
		};
		C321E2E2231D5CA1003097FE /* Debug */ = {
			isa = XCBuildConfiguration;
			buildSettings = {
				ASSETCATALOG_COMPILER_APPICON_NAME = AppIcon;
				CODE_SIGN_STYLE = Automatic;
				CURRENT_PROJECT_VERSION = 1.0;
				DEVELOPMENT_ASSET_PATHS = "\"Furqan Agwan/Preview Content\"";
				DEVELOPMENT_TEAM = 468QJW47GZ;
				ENABLE_PREVIEWS = YES;
				INFOPLIST_FILE = "$(SRCROOT)/Furqan Agwan/Supporting Files/Info.plist";
				LD_RUNPATH_SEARCH_PATHS = (
					"$(inherited)",
					"@executable_path/Frameworks",
				);
				MARKETING_VERSION = 1;
				PRODUCT_BUNDLE_IDENTIFIER = "Furqan-Agwan.Furqan-Agwan";
				PRODUCT_NAME = "$(TARGET_NAME)";
				SWIFT_VERSION = 5.0;
				TARGETED_DEVICE_FAMILY = 1;
			};
			name = Debug;
		};
		C321E2E3231D5CA1003097FE /* Release */ = {
			isa = XCBuildConfiguration;
			buildSettings = {
				ASSETCATALOG_COMPILER_APPICON_NAME = AppIcon;
				CODE_SIGN_STYLE = Automatic;
				CURRENT_PROJECT_VERSION = 1.0;
				DEVELOPMENT_ASSET_PATHS = "\"Furqan Agwan/Preview Content\"";
				DEVELOPMENT_TEAM = 468QJW47GZ;
				ENABLE_PREVIEWS = YES;
				INFOPLIST_FILE = "$(SRCROOT)/Furqan Agwan/Supporting Files/Info.plist";
				LD_RUNPATH_SEARCH_PATHS = (
					"$(inherited)",
					"@executable_path/Frameworks",
				);
				MARKETING_VERSION = 1;
				PRODUCT_BUNDLE_IDENTIFIER = "Furqan-Agwan.Furqan-Agwan";
				PRODUCT_NAME = "$(TARGET_NAME)";
				SWIFT_VERSION = 5.0;
				TARGETED_DEVICE_FAMILY = 1;
			};
			name = Release;
		};
/* End XCBuildConfiguration section */

/* Begin XCConfigurationList section */
		C321E2C8231D5C9F003097FE /* Build configuration list for PBXProject "Furqan Agwan" */ = {
			isa = XCConfigurationList;
			buildConfigurations = (
				C321E2DF231D5CA1003097FE /* Debug */,
				C321E2E0231D5CA1003097FE /* Release */,
			);
			defaultConfigurationIsVisible = 0;
			defaultConfigurationName = Release;
		};
		C321E2E1231D5CA1003097FE /* Build configuration list for PBXNativeTarget "Furqan Agwan" */ = {
			isa = XCConfigurationList;
			buildConfigurations = (
				C321E2E2231D5CA1003097FE /* Debug */,
				C321E2E3231D5CA1003097FE /* Release */,
			);
			defaultConfigurationIsVisible = 0;
			defaultConfigurationName = Release;
		};
/* End XCConfigurationList section */

/* Begin XCRemoteSwiftPackageReference section */
		C31AFD522327BD70008A4999 /* XCRemoteSwiftPackageReference "SwifterSwift" */ = {
			isa = XCRemoteSwiftPackageReference;
			repositoryURL = "https://github.com/SwifterSwift/SwifterSwift.git";
			requirement = {
				branch = master;
				kind = branch;
			};
		};
/* End XCRemoteSwiftPackageReference section */

/* Begin XCSwiftPackageProductDependency section */
		C31AFD532327BD70008A4999 /* SwifterSwift */ = {
			isa = XCSwiftPackageProductDependency;
			package = C31AFD522327BD70008A4999 /* XCRemoteSwiftPackageReference "SwifterSwift" */;
			productName = SwifterSwift;
		};
/* End XCSwiftPackageProductDependency section */
	};
	rootObject = C321E2C5231D5C9F003097FE /* Project object */;
}
